
Microsoft Visual Studio Solution File, Format Version 12.00
# Visual Studio Version 17
VisualStudioVersion = 17.3.32929.385
MinimumVisualStudioVersion = 10.0.40219.1
Project("{FAE04EC0-301F-11D3-BF4B-00C04F79EFBC}") = "YubiKeyProtectedPassword", "YubiKeyProtectedPassword\YubiKeyProtectedPassword.csproj", "{3AD08D35-6986-43E3-8E92-29267329DA8E}"
EndProject
Global
	GlobalSection(SolutionConfigurationPlatforms) = preSolution
		Debug|Any CPU = Debug|Any CPU
		Release|Any CPU = Release|Any CPU
	EndGlobalSection
	GlobalSection(ProjectConfigurationPlatforms) = postSolution
		{3AD08D35-6986-43E3-8E92-29267329DA8E}.Debug|Any CPU.ActiveCfg = Debug|Any CPU
		{3AD08D35-6986-43E3-8E92-29267329DA8E}.Debug|Any CPU.Build.0 = Debug|Any CPU
		{3AD08D35-6986-43E3-8E92-29267329DA8E}.Release|Any CPU.ActiveCfg = Release|Any CPU
		{3AD08D35-6986-43E3-8E92-29267329DA8E}.Release|Any CPU.Build.0 = Release|Any CPU
	EndGlobalSection
	GlobalSection(SolutionProperties) = preSolution
		HideSolutionNode = FALSE
	EndGlobalSection
	GlobalSection(ExtensibilityGlobals) = postSolution
		SolutionGuid = {A302EEEF-206C-4E30-93AE-392BD27A56A5}
	EndGlobalSection
EndGlobal
